// !$*UTF8*$!
{
	archiveVersion = 1;
	classes = {
	};
	objectVersion = 46;
	objects = {

/* Begin PBXBuildFile section */
		301B2FD21D3355F10018871C /* ic_search_white_36.png in Resources */ = {isa = PBXBuildFile; fileRef = 301B2FD11D3355F10018871C /* ic_search_white_36.png */; };
		301B2FD61D3371500018871C /* SearchViewController.m in Sources */ = {isa = PBXBuildFile; fileRef = 301B2FD51D3371500018871C /* SearchViewController.m */; };
		307A80D01D363868006FAA16 /* CustomCellDay.m in Sources */ = {isa = PBXBuildFile; fileRef = 307A80CF1D363868006FAA16 /* CustomCellDay.m */; };
		307A80D31D363887006FAA16 /* CustomCellContent.m in Sources */ = {isa = PBXBuildFile; fileRef = 307A80D21D363887006FAA16 /* CustomCellContent.m */; };
		307A80D91D363AFD006FAA16 /* CustomCellHeader.m in Sources */ = {isa = PBXBuildFile; fileRef = 307A80D81D363AFD006FAA16 /* CustomCellHeader.m */; };
		307B5D8B1D2DE4D90084B307 /* main.m in Sources */ = {isa = PBXBuildFile; fileRef = 307B5D8A1D2DE4D90084B307 /* main.m */; };
		307B5D8E1D2DE4D90084B307 /* AppDelegate.m in Sources */ = {isa = PBXBuildFile; fileRef = 307B5D8D1D2DE4D90084B307 /* AppDelegate.m */; };
		307B5D941D2DE4D90084B307 /* Main.storyboard in Resources */ = {isa = PBXBuildFile; fileRef = 307B5D921D2DE4D90084B307 /* Main.storyboard */; };
		307B5D971D2DE4D90084B307 /* crbios.xcdatamodeld in Sources */ = {isa = PBXBuildFile; fileRef = 307B5D951D2DE4D90084B307 /* crbios.xcdatamodeld */; };
		307B5D991D2DE4D90084B307 /* Assets.xcassets in Resources */ = {isa = PBXBuildFile; fileRef = 307B5D981D2DE4D90084B307 /* Assets.xcassets */; };
		307B5D9C1D2DE4D90084B307 /* LaunchScreen.storyboard in Resources */ = {isa = PBXBuildFile; fileRef = 307B5D9A1D2DE4D90084B307 /* LaunchScreen.storyboard */; };
		3089010F1D3768D4007B1958 /* create_event.png in Resources */ = {isa = PBXBuildFile; fileRef = 3089010E1D3768D4007B1958 /* create_event.png */; };
		308901161D376E4E007B1958 /* CreateEventViewController.m in Sources */ = {isa = PBXBuildFile; fileRef = 308901151D376E4E007B1958 /* CreateEventViewController.m */; };
		3089011A1D379CE7007B1958 /* ic_alarm.png in Resources */ = {isa = PBXBuildFile; fileRef = 308901191D379CE7007B1958 /* ic_alarm.png */; };
		3089011C1D379CF3007B1958 /* ic_calendar.png in Resources */ = {isa = PBXBuildFile; fileRef = 3089011B1D379CF3007B1958 /* ic_calendar.png */; };
		3089011E1D379D04007B1958 /* ic_invited.png in Resources */ = {isa = PBXBuildFile; fileRef = 3089011D1D379D04007B1958 /* ic_invited.png */; };
		308901201D379D22007B1958 /* ic_repeat.png in Resources */ = {isa = PBXBuildFile; fileRef = 3089011F1D379D22007B1958 /* ic_repeat.png */; };
		308E68671D2F41AA00F3AB26 /* background_material.jpg in Resources */ = {isa = PBXBuildFile; fileRef = 308E68661D2F41AA00F3AB26 /* background_material.jpg */; };
		308E68691D2F41B600F3AB26 /* profile.png in Resources */ = {isa = PBXBuildFile; fileRef = 308E68681D2F41B600F3AB26 /* profile.png */; };
		308E686C1D2F469200F3AB26 /* ic_view_agenda_black_24dp.png in Resources */ = {isa = PBXBuildFile; fileRef = 308E686A1D2F469200F3AB26 /* ic_view_agenda_black_24dp.png */; };
		308E686D1D2F469200F3AB26 /* ic_view_module_black_24dp.png in Resources */ = {isa = PBXBuildFile; fileRef = 308E686B1D2F469200F3AB26 /* ic_view_module_black_24dp.png */; };
		308E686F1D2F48B300F3AB26 /* ic_send_black.png in Resources */ = {isa = PBXBuildFile; fileRef = 308E686E1D2F48B300F3AB26 /* ic_send_black.png */; };
		308E68711D2F492D00F3AB26 /* ic_color_lens_black_24dp.png in Resources */ = {isa = PBXBuildFile; fileRef = 308E68701D2F492D00F3AB26 /* ic_color_lens_black_24dp.png */; };
		308E68731D2F496E00F3AB26 /* ic_search_black_24dp.png in Resources */ = {isa = PBXBuildFile; fileRef = 308E68721D2F496E00F3AB26 /* ic_search_black_24dp.png */; };
		308E68751D2F4A1400F3AB26 /* ic_settings_black_24dp.png in Resources */ = {isa = PBXBuildFile; fileRef = 308E68741D2F4A1400F3AB26 /* ic_settings_black_24dp.png */; };
		30D4D2361D2DE98300C6D2CB /* RootViewController.m in Sources */ = {isa = PBXBuildFile; fileRef = 30D4D2351D2DE98300C6D2CB /* RootViewController.m */; };
		30EF8AB01D347F3A00E00188 /* bg.jpg in Resources */ = {isa = PBXBuildFile; fileRef = 30EF8AAF1D347F3A00E00188 /* bg.jpg */; };
		30F7909A1D2DFDAC008A74E7 /* LoginViewController.m in Sources */ = {isa = PBXBuildFile; fileRef = 30F790991D2DFDAC008A74E7 /* LoginViewController.m */; };
		30F790A01D2DFED4008A74E7 /* ic_email.png in Resources */ = {isa = PBXBuildFile; fileRef = 30F7909E1D2DFED4008A74E7 /* ic_email.png */; };
		30F790A11D2DFED4008A74E7 /* ic_password.png in Resources */ = {isa = PBXBuildFile; fileRef = 30F7909F1D2DFED4008A74E7 /* ic_password.png */; };
		30F790A51D2E49AA008A74E7 /* LeftViewController.m in Sources */ = {isa = PBXBuildFile; fileRef = 30F790A41D2E49AA008A74E7 /* LeftViewController.m */; };
		30F790A91D2E4A32008A74E7 /* HomeViewController.m in Sources */ = {isa = PBXBuildFile; fileRef = 30F790A81D2E4A32008A74E7 /* HomeViewController.m */; };
		A109F9BCB3F704F693274283 /* libPods-crbios.a in Frameworks */ = {isa = PBXBuildFile; fileRef = FC63C8C7EA304446B1C5238C /* libPods-crbios.a */; };
/* End PBXBuildFile section */

/* Begin PBXFileReference section */
		0CB68B16C0819A73589F0BEA /* Pods-crbios.debug.xcconfig */ = {isa = PBXFileReference; includeInIndex = 1; lastKnownFileType = text.xcconfig; name = "Pods-crbios.debug.xcconfig"; path = "Pods/Target Support Files/Pods-crbios/Pods-crbios.debug.xcconfig"; sourceTree = "<group>"; };
		135D21DEE043CEDCD7C26EAD /* Pods-crbios.release.xcconfig */ = {isa = PBXFileReference; includeInIndex = 1; lastKnownFileType = text.xcconfig; name = "Pods-crbios.release.xcconfig"; path = "Pods/Target Support Files/Pods-crbios/Pods-crbios.release.xcconfig"; sourceTree = "<group>"; };
		301B2FD11D3355F10018871C /* ic_search_white_36.png */ = {isa = PBXFileReference; lastKnownFileType = image.png; name = ic_search_white_36.png; path = Resource/Images/ic_search_white_36.png; sourceTree = "<group>"; };
		301B2FD41D3371500018871C /* SearchViewController.h */ = {isa = PBXFileReference; fileEncoding = 4; lastKnownFileType = sourcecode.c.h; name = SearchViewController.h; path = Classes/ViewController/SearchViewController/SearchViewController.h; sourceTree = "<group>"; };
		301B2FD51D3371500018871C /* SearchViewController.m */ = {isa = PBXFileReference; fileEncoding = 4; lastKnownFileType = sourcecode.c.objc; name = SearchViewController.m; path = Classes/ViewController/SearchViewController/SearchViewController.m; sourceTree = "<group>"; };
		307A80CE1D363868006FAA16 /* CustomCellDay.h */ = {isa = PBXFileReference; fileEncoding = 4; lastKnownFileType = sourcecode.c.h; name = CustomCellDay.h; path = Classes/ViewController/HomeViewController/CustomCellDay.h; sourceTree = "<group>"; };
		307A80CF1D363868006FAA16 /* CustomCellDay.m */ = {isa = PBXFileReference; fileEncoding = 4; lastKnownFileType = sourcecode.c.objc; name = CustomCellDay.m; path = Classes/ViewController/HomeViewController/CustomCellDay.m; sourceTree = "<group>"; };
		307A80D11D363887006FAA16 /* CustomCellContent.h */ = {isa = PBXFileReference; fileEncoding = 4; lastKnownFileType = sourcecode.c.h; name = CustomCellContent.h; path = Classes/ViewController/HomeViewController/CustomCellContent.h; sourceTree = "<group>"; };
		307A80D21D363887006FAA16 /* CustomCellContent.m */ = {isa = PBXFileReference; fileEncoding = 4; lastKnownFileType = sourcecode.c.objc; name = CustomCellContent.m; path = Classes/ViewController/HomeViewController/CustomCellContent.m; sourceTree = "<group>"; };
		307A80D71D363AFD006FAA16 /* CustomCellHeader.h */ = {isa = PBXFileReference; fileEncoding = 4; lastKnownFileType = sourcecode.c.h; path = CustomCellHeader.h; sourceTree = "<group>"; };
		307A80D81D363AFD006FAA16 /* CustomCellHeader.m */ = {isa = PBXFileReference; fileEncoding = 4; lastKnownFileType = sourcecode.c.objc; path = CustomCellHeader.m; sourceTree = "<group>"; };
		307B5D861D2DE4D80084B307 /* crbios.app */ = {isa = PBXFileReference; explicitFileType = wrapper.application; includeInIndex = 0; path = crbios.app; sourceTree = BUILT_PRODUCTS_DIR; };
		307B5D8A1D2DE4D90084B307 /* main.m */ = {isa = PBXFileReference; lastKnownFileType = sourcecode.c.objc; path = main.m; sourceTree = "<group>"; };
		307B5D8C1D2DE4D90084B307 /* AppDelegate.h */ = {isa = PBXFileReference; lastKnownFileType = sourcecode.c.h; path = AppDelegate.h; sourceTree = "<group>"; };
		307B5D8D1D2DE4D90084B307 /* AppDelegate.m */ = {isa = PBXFileReference; lastKnownFileType = sourcecode.c.objc; path = AppDelegate.m; sourceTree = "<group>"; };
		307B5D931D2DE4D90084B307 /* Base */ = {isa = PBXFileReference; lastKnownFileType = file.storyboard; name = Base; path = Base.lproj/Main.storyboard; sourceTree = "<group>"; };
		307B5D961D2DE4D90084B307 /* crbios.xcdatamodel */ = {isa = PBXFileReference; lastKnownFileType = wrapper.xcdatamodel; path = crbios.xcdatamodel; sourceTree = "<group>"; };
		307B5D981D2DE4D90084B307 /* Assets.xcassets */ = {isa = PBXFileReference; lastKnownFileType = folder.assetcatalog; path = Assets.xcassets; sourceTree = "<group>"; };
		307B5D9B1D2DE4D90084B307 /* Base */ = {isa = PBXFileReference; lastKnownFileType = file.storyboard; name = Base; path = Base.lproj/LaunchScreen.storyboard; sourceTree = "<group>"; };
		307B5D9D1D2DE4D90084B307 /* Info.plist */ = {isa = PBXFileReference; lastKnownFileType = text.plist.xml; path = Info.plist; sourceTree = "<group>"; };
		3089010E1D3768D4007B1958 /* create_event.png */ = {isa = PBXFileReference; lastKnownFileType = image.png; name = create_event.png; path = Resource/Images/create_event.png; sourceTree = "<group>"; };
		308901141D376E4E007B1958 /* CreateEventViewController.h */ = {isa = PBXFileReference; fileEncoding = 4; lastKnownFileType = sourcecode.c.h; name = CreateEventViewController.h; path = Classes/ViewController/CreateEventViewController/CreateEventViewController.h; sourceTree = "<group>"; };
		308901151D376E4E007B1958 /* CreateEventViewController.m */ = {isa = PBXFileReference; fileEncoding = 4; lastKnownFileType = sourcecode.c.objc; name = CreateEventViewController.m; path = Classes/ViewController/CreateEventViewController/CreateEventViewController.m; sourceTree = "<group>"; };
		308901191D379CE7007B1958 /* ic_alarm.png */ = {isa = PBXFileReference; lastKnownFileType = image.png; name = ic_alarm.png; path = Resource/Images/ic_alarm.png; sourceTree = "<group>"; };
		3089011B1D379CF3007B1958 /* ic_calendar.png */ = {isa = PBXFileReference; lastKnownFileType = image.png; name = ic_calendar.png; path = Resource/Images/ic_calendar.png; sourceTree = "<group>"; };
		3089011D1D379D04007B1958 /* ic_invited.png */ = {isa = PBXFileReference; lastKnownFileType = image.png; name = ic_invited.png; path = Resource/Images/ic_invited.png; sourceTree = "<group>"; };
		3089011F1D379D22007B1958 /* ic_repeat.png */ = {isa = PBXFileReference; lastKnownFileType = image.png; name = ic_repeat.png; path = Resource/Images/ic_repeat.png; sourceTree = "<group>"; };
		308E68661D2F41AA00F3AB26 /* background_material.jpg */ = {isa = PBXFileReference; lastKnownFileType = image.jpeg; name = background_material.jpg; path = Resource/Images/background_material.jpg; sourceTree = "<group>"; };
		308E68681D2F41B600F3AB26 /* profile.png */ = {isa = PBXFileReference; lastKnownFileType = image.png; name = profile.png; path = Resource/Images/profile.png; sourceTree = "<group>"; };
		308E686A1D2F469200F3AB26 /* ic_view_agenda_black_24dp.png */ = {isa = PBXFileReference; lastKnownFileType = image.png; name = ic_view_agenda_black_24dp.png; path = Resource/Images/ic_view_agenda_black_24dp.png; sourceTree = "<group>"; };
		308E686B1D2F469200F3AB26 /* ic_view_module_black_24dp.png */ = {isa = PBXFileReference; lastKnownFileType = image.png; name = ic_view_module_black_24dp.png; path = Resource/Images/ic_view_module_black_24dp.png; sourceTree = "<group>"; };
		308E686E1D2F48B300F3AB26 /* ic_send_black.png */ = {isa = PBXFileReference; lastKnownFileType = image.png; name = ic_send_black.png; path = Resource/Images/ic_send_black.png; sourceTree = "<group>"; };
		308E68701D2F492D00F3AB26 /* ic_color_lens_black_24dp.png */ = {isa = PBXFileReference; lastKnownFileType = image.png; name = ic_color_lens_black_24dp.png; path = Resource/Images/ic_color_lens_black_24dp.png; sourceTree = "<group>"; };
		308E68721D2F496E00F3AB26 /* ic_search_black_24dp.png */ = {isa = PBXFileReference; lastKnownFileType = image.png; name = ic_search_black_24dp.png; path = Resource/Images/ic_search_black_24dp.png; sourceTree = "<group>"; };
		308E68741D2F4A1400F3AB26 /* ic_settings_black_24dp.png */ = {isa = PBXFileReference; lastKnownFileType = image.png; name = ic_settings_black_24dp.png; path = Resource/Images/ic_settings_black_24dp.png; sourceTree = "<group>"; };
		30D4D2341D2DE98300C6D2CB /* RootViewController.h */ = {isa = PBXFileReference; fileEncoding = 4; lastKnownFileType = sourcecode.c.h; name = RootViewController.h; path = Classes/ViewController/RootViewController/RootViewController.h; sourceTree = "<group>"; };
		30D4D2351D2DE98300C6D2CB /* RootViewController.m */ = {isa = PBXFileReference; fileEncoding = 4; lastKnownFileType = sourcecode.c.objc; name = RootViewController.m; path = Classes/ViewController/RootViewController/RootViewController.m; sourceTree = "<group>"; };
		30EF8AAF1D347F3A00E00188 /* bg.jpg */ = {isa = PBXFileReference; lastKnownFileType = image.jpeg; name = bg.jpg; path = Resource/Images/bg.jpg; sourceTree = "<group>"; };
		30F790981D2DFDAC008A74E7 /* LoginViewController.h */ = {isa = PBXFileReference; fileEncoding = 4; lastKnownFileType = sourcecode.c.h; name = LoginViewController.h; path = Classes/ViewController/LoginViewController/LoginViewController.h; sourceTree = "<group>"; };
		30F790991D2DFDAC008A74E7 /* LoginViewController.m */ = {isa = PBXFileReference; fileEncoding = 4; lastKnownFileType = sourcecode.c.objc; name = LoginViewController.m; path = Classes/ViewController/LoginViewController/LoginViewController.m; sourceTree = "<group>"; };
		30F7909E1D2DFED4008A74E7 /* ic_email.png */ = {isa = PBXFileReference; lastKnownFileType = image.png; name = ic_email.png; path = Resource/Images/ic_email.png; sourceTree = "<group>"; };
		30F7909F1D2DFED4008A74E7 /* ic_password.png */ = {isa = PBXFileReference; lastKnownFileType = image.png; name = ic_password.png; path = Resource/Images/ic_password.png; sourceTree = "<group>"; };
		30F790A31D2E49AA008A74E7 /* LeftViewController.h */ = {isa = PBXFileReference; fileEncoding = 4; lastKnownFileType = sourcecode.c.h; name = LeftViewController.h; path = Classes/ViewController/LeftViewController/LeftViewController.h; sourceTree = "<group>"; };
		30F790A41D2E49AA008A74E7 /* LeftViewController.m */ = {isa = PBXFileReference; fileEncoding = 4; lastKnownFileType = sourcecode.c.objc; name = LeftViewController.m; path = Classes/ViewController/LeftViewController/LeftViewController.m; sourceTree = "<group>"; };
		30F790A71D2E4A32008A74E7 /* HomeViewController.h */ = {isa = PBXFileReference; fileEncoding = 4; lastKnownFileType = sourcecode.c.h; name = HomeViewController.h; path = Classes/ViewController/HomeViewController/HomeViewController.h; sourceTree = "<group>"; };
		30F790A81D2E4A32008A74E7 /* HomeViewController.m */ = {isa = PBXFileReference; fileEncoding = 4; lastKnownFileType = sourcecode.c.objc; name = HomeViewController.m; path = Classes/ViewController/HomeViewController/HomeViewController.m; sourceTree = "<group>"; };
		FC63C8C7EA304446B1C5238C /* libPods-crbios.a */ = {isa = PBXFileReference; explicitFileType = archive.ar; includeInIndex = 0; path = "libPods-crbios.a"; sourceTree = BUILT_PRODUCTS_DIR; };
/* End PBXFileReference section */

/* Begin PBXFrameworksBuildPhase section */
		307B5D831D2DE4D80084B307 /* Frameworks */ = {
			isa = PBXFrameworksBuildPhase;
			buildActionMask = 2147483647;
			files = (
				A109F9BCB3F704F693274283 /* libPods-crbios.a in Frameworks */,
			);
			runOnlyForDeploymentPostprocessing = 0;
		};
/* End PBXFrameworksBuildPhase section */

/* Begin PBXGroup section */
		301B2FD31D33711D0018871C /* SearchViewController */ = {
			isa = PBXGroup;
			children = (
				301B2FD41D3371500018871C /* SearchViewController.h */,
				301B2FD51D3371500018871C /* SearchViewController.m */,
			);
			name = SearchViewController;
			sourceTree = "<group>";
		};
		307B5D7D1D2DE4D80084B307 = {
			isa = PBXGroup;
			children = (
				307B5D881D2DE4D90084B307 /* crbios */,
				307B5D871D2DE4D80084B307 /* Products */,
				D52F6AD4056C8CD0DEFDA83E /* Pods */,
				77C12AE4E508100260362593 /* Frameworks */,
			);
			sourceTree = "<group>";
		};
		307B5D871D2DE4D80084B307 /* Products */ = {
			isa = PBXGroup;
			children = (
				307B5D861D2DE4D80084B307 /* crbios.app */,
			);
			name = Products;
			sourceTree = "<group>";
		};
		307B5D881D2DE4D90084B307 /* crbios */ = {
			isa = PBXGroup;
			children = (
				30D4D22D1D2DE7CD00C6D2CB /* Classes */,
				30D4D22C1D2DE7B700C6D2CB /* Library */,
				30D4D22B1D2DE79D00C6D2CB /* Resource */,
				307B5D8C1D2DE4D90084B307 /* AppDelegate.h */,
				307B5D8D1D2DE4D90084B307 /* AppDelegate.m */,
				307B5D921D2DE4D90084B307 /* Main.storyboard */,
				307B5D981D2DE4D90084B307 /* Assets.xcassets */,
				307B5D9A1D2DE4D90084B307 /* LaunchScreen.storyboard */,
				307B5D9D1D2DE4D90084B307 /* Info.plist */,
				307B5D951D2DE4D90084B307 /* crbios.xcdatamodeld */,
				307B5D891D2DE4D90084B307 /* Supporting Files */,
			);
			path = crbios;
			sourceTree = "<group>";
		};
		307B5D891D2DE4D90084B307 /* Supporting Files */ = {
			isa = PBXGroup;
			children = (
				307B5D8A1D2DE4D90084B307 /* main.m */,
			);
			name = "Supporting Files";
			sourceTree = "<group>";
		};
		308901101D376DAE007B1958 /* CreateEventViewController */ = {
			isa = PBXGroup;
			children = (
				308901141D376E4E007B1958 /* CreateEventViewController.h */,
				308901151D376E4E007B1958 /* CreateEventViewController.m */,
			);
			name = CreateEventViewController;
			sourceTree = "<group>";
		};
		30D4D22B1D2DE79D00C6D2CB /* Resource */ = {
			isa = PBXGroup;
			children = (
				30F7909B1D2DFE2F008A74E7 /* Images */,
			);
			name = Resource;
			sourceTree = "<group>";
		};
		30D4D22C1D2DE7B700C6D2CB /* Library */ = {
			isa = PBXGroup;
			children = (
			);
			name = Library;
			sourceTree = "<group>";
		};
		30D4D22D1D2DE7CD00C6D2CB /* Classes */ = {
			isa = PBXGroup;
			children = (
				30D4D2321D2DE87F00C6D2CB /* Utilities */,
				30D4D2311D2DE87200C6D2CB /* Network */,
				30D4D2301D2DE82100C6D2CB /* ViewController */,
				30D4D22F1D2DE81700C6D2CB /* Model */,
			);
			name = Classes;
			sourceTree = "<group>";
		};
		30D4D22F1D2DE81700C6D2CB /* Model */ = {
			isa = PBXGroup;
			children = (
			);
			name = Model;
			sourceTree = "<group>";
		};
		30D4D2301D2DE82100C6D2CB /* ViewController */ = {
			isa = PBXGroup;
			children = (
				308901101D376DAE007B1958 /* CreateEventViewController */,
				301B2FD31D33711D0018871C /* SearchViewController */,
				30F790A61D2E4A15008A74E7 /* HomeViewController */,
				30F790A21D2E4935008A74E7 /* LeftViewController */,
				30F790971D2DFD7D008A74E7 /* LoginViewController */,
				30D4D2331D2DE8DD00C6D2CB /* RootViewController */,
			);
			name = ViewController;
			sourceTree = "<group>";
		};
		30D4D2311D2DE87200C6D2CB /* Network */ = {
			isa = PBXGroup;
			children = (
			);
			name = Network;
			sourceTree = "<group>";
		};
		30D4D2321D2DE87F00C6D2CB /* Utilities */ = {
			isa = PBXGroup;
			children = (
			);
			name = Utilities;
			sourceTree = "<group>";
		};
		30D4D2331D2DE8DD00C6D2CB /* RootViewController */ = {
			isa = PBXGroup;
			children = (
				30D4D2341D2DE98300C6D2CB /* RootViewController.h */,
				30D4D2351D2DE98300C6D2CB /* RootViewController.m */,
			);
			name = RootViewController;
			sourceTree = "<group>";
		};
		30F790971D2DFD7D008A74E7 /* LoginViewController */ = {
			isa = PBXGroup;
			children = (
				30F790981D2DFDAC008A74E7 /* LoginViewController.h */,
				30F790991D2DFDAC008A74E7 /* LoginViewController.m */,
			);
			name = LoginViewController;
			sourceTree = "<group>";
		};
		30F7909B1D2DFE2F008A74E7 /* Images */ = {
			isa = PBXGroup;
			children = (
				3089011F1D379D22007B1958 /* ic_repeat.png */,
				3089011D1D379D04007B1958 /* ic_invited.png */,
				3089011B1D379CF3007B1958 /* ic_calendar.png */,
				308901191D379CE7007B1958 /* ic_alarm.png */,
				3089010E1D3768D4007B1958 /* create_event.png */,
				30EF8AAF1D347F3A00E00188 /* bg.jpg */,
				301B2FD11D3355F10018871C /* ic_search_white_36.png */,
				308E68741D2F4A1400F3AB26 /* ic_settings_black_24dp.png */,
				308E68721D2F496E00F3AB26 /* ic_search_black_24dp.png */,
				308E68701D2F492D00F3AB26 /* ic_color_lens_black_24dp.png */,
				308E686E1D2F48B300F3AB26 /* ic_send_black.png */,
				308E686A1D2F469200F3AB26 /* ic_view_agenda_black_24dp.png */,
				308E686B1D2F469200F3AB26 /* ic_view_module_black_24dp.png */,
				308E68681D2F41B600F3AB26 /* profile.png */,
				308E68661D2F41AA00F3AB26 /* background_material.jpg */,
				30F7909E1D2DFED4008A74E7 /* ic_email.png */,
				30F7909F1D2DFED4008A74E7 /* ic_password.png */,
			);
			name = Images;
			sourceTree = "<group>";
		};
		30F790A21D2E4935008A74E7 /* LeftViewController */ = {
			isa = PBXGroup;
			children = (
				30F790A31D2E49AA008A74E7 /* LeftViewController.h */,
				30F790A41D2E49AA008A74E7 /* LeftViewController.m */,
			);
			name = LeftViewController;
			sourceTree = "<group>";
		};
		30F790A61D2E4A15008A74E7 /* HomeViewController */ = {
			isa = PBXGroup;
			children = (
				30F790A71D2E4A32008A74E7 /* HomeViewController.h */,
				30F790A81D2E4A32008A74E7 /* HomeViewController.m */,
				307A80CE1D363868006FAA16 /* CustomCellDay.h */,
				307A80CF1D363868006FAA16 /* CustomCellDay.m */,
				307A80D11D363887006FAA16 /* CustomCellContent.h */,
				307A80D21D363887006FAA16 /* CustomCellContent.m */,
				307A80D71D363AFD006FAA16 /* CustomCellHeader.h */,
				307A80D81D363AFD006FAA16 /* CustomCellHeader.m */,
			);
			name = HomeViewController;
			sourceTree = "<group>";
		};
		77C12AE4E508100260362593 /* Frameworks */ = {
			isa = PBXGroup;
			children = (
				FC63C8C7EA304446B1C5238C /* libPods-crbios.a */,
			);
			name = Frameworks;
			sourceTree = "<group>";
		};
		D52F6AD4056C8CD0DEFDA83E /* Pods */ = {
			isa = PBXGroup;
			children = (
				0CB68B16C0819A73589F0BEA /* Pods-crbios.debug.xcconfig */,
				135D21DEE043CEDCD7C26EAD /* Pods-crbios.release.xcconfig */,
			);
			name = Pods;
			sourceTree = "<group>";
		};
/* End PBXGroup section */

/* Begin PBXNativeTarget section */
		307B5D851D2DE4D80084B307 /* crbios */ = {
			isa = PBXNativeTarget;
			buildConfigurationList = 307B5DA01D2DE4D90084B307 /* Build configuration list for PBXNativeTarget "crbios" */;
			buildPhases = (
				595079BE362E841184373E12 /* [CP] Check Pods Manifest.lock */,
				307B5D821D2DE4D80084B307 /* Sources */,
				307B5D831D2DE4D80084B307 /* Frameworks */,
				307B5D841D2DE4D80084B307 /* Resources */,
				B970F3E1CDDB54247A0B3142 /* [CP] Embed Pods Frameworks */,
				2DE7874098AAED976E08E696 /* [CP] Copy Pods Resources */,
			);
			buildRules = (
			);
			dependencies = (
			);
			name = crbios;
			productName = crbios;
			productReference = 307B5D861D2DE4D80084B307 /* crbios.app */;
			productType = "com.apple.product-type.application";
		};
/* End PBXNativeTarget section */

/* Begin PBXProject section */
		307B5D7E1D2DE4D80084B307 /* Project object */ = {
			isa = PBXProject;
			attributes = {
				LastUpgradeCheck = 0730;
				ORGANIZATIONNAME = framgia;
				TargetAttributes = {
					307B5D851D2DE4D80084B307 = {
						CreatedOnToolsVersion = 7.3.1;
						DevelopmentTeam = R8ZB26EDKD;
					};
				};
			};
			buildConfigurationList = 307B5D811D2DE4D80084B307 /* Build configuration list for PBXProject "crbios" */;
			compatibilityVersion = "Xcode 3.2";
			developmentRegion = English;
			hasScannedForEncodings = 0;
			knownRegions = (
				en,
				Base,
			);
			mainGroup = 307B5D7D1D2DE4D80084B307;
			productRefGroup = 307B5D871D2DE4D80084B307 /* Products */;
			projectDirPath = "";
			projectRoot = "";
			targets = (
				307B5D851D2DE4D80084B307 /* crbios */,
			);
		};
/* End PBXProject section */

/* Begin PBXResourcesBuildPhase section */
		307B5D841D2DE4D80084B307 /* Resources */ = {
			isa = PBXResourcesBuildPhase;
			buildActionMask = 2147483647;
			files = (
				307B5D9C1D2DE4D90084B307 /* LaunchScreen.storyboard in Resources */,
				307B5D991D2DE4D90084B307 /* Assets.xcassets in Resources */,
				308E686D1D2F469200F3AB26 /* ic_view_module_black_24dp.png in Resources */,
				308E686C1D2F469200F3AB26 /* ic_view_agenda_black_24dp.png in Resources */,
				308E68671D2F41AA00F3AB26 /* background_material.jpg in Resources */,
				308E686F1D2F48B300F3AB26 /* ic_send_black.png in Resources */,
				30F790A11D2DFED4008A74E7 /* ic_password.png in Resources */,
				30F790A01D2DFED4008A74E7 /* ic_email.png in Resources */,
				307B5D941D2DE4D90084B307 /* Main.storyboard in Resources */,
				30EF8AB01D347F3A00E00188 /* bg.jpg in Resources */,
				3089010F1D3768D4007B1958 /* create_event.png in Resources */,
				3089011E1D379D04007B1958 /* ic_invited.png in Resources */,
				308901201D379D22007B1958 /* ic_repeat.png in Resources */,
				3089011A1D379CE7007B1958 /* ic_alarm.png in Resources */,
				308E68731D2F496E00F3AB26 /* ic_search_black_24dp.png in Resources */,
				308E68691D2F41B600F3AB26 /* profile.png in Resources */,
				308E68711D2F492D00F3AB26 /* ic_color_lens_black_24dp.png in Resources */,
				308E68751D2F4A1400F3AB26 /* ic_settings_black_24dp.png in Resources */,
				301B2FD21D3355F10018871C /* ic_search_white_36.png in Resources */,
				3089011C1D379CF3007B1958 /* ic_calendar.png in Resources */,
			);
			runOnlyForDeploymentPostprocessing = 0;
		};
/* End PBXResourcesBuildPhase section */

/* Begin PBXShellScriptBuildPhase section */
		2DE7874098AAED976E08E696 /* [CP] Copy Pods Resources */ = {
			isa = PBXShellScriptBuildPhase;
			buildActionMask = 2147483647;
			files = (
			);
			inputPaths = (
			);
			name = "[CP] Copy Pods Resources";
			outputPaths = (
			);
			runOnlyForDeploymentPostprocessing = 0;
			shellPath = /bin/sh;
			shellScript = "\"${SRCROOT}/Pods/Target Support Files/Pods-crbios/Pods-crbios-resources.sh\"\n";
			showEnvVarsInLog = 0;
		};
		595079BE362E841184373E12 /* [CP] Check Pods Manifest.lock */ = {
			isa = PBXShellScriptBuildPhase;
			buildActionMask = 2147483647;
			files = (
			);
			inputPaths = (
			);
			name = "[CP] Check Pods Manifest.lock";
			outputPaths = (
			);
			runOnlyForDeploymentPostprocessing = 0;
			shellPath = /bin/sh;
			shellScript = "diff \"${PODS_ROOT}/../Podfile.lock\" \"${PODS_ROOT}/Manifest.lock\" > /dev/null\nif [[ $? != 0 ]] ; then\n    cat << EOM\nerror: The sandbox is not in sync with the Podfile.lock. Run 'pod install' or update your CocoaPods installation.\nEOM\n    exit 1\nfi\n";
			showEnvVarsInLog = 0;
		};
		B970F3E1CDDB54247A0B3142 /* [CP] Embed Pods Frameworks */ = {
			isa = PBXShellScriptBuildPhase;
			buildActionMask = 2147483647;
			files = (
			);
			inputPaths = (
			);
			name = "[CP] Embed Pods Frameworks";
			outputPaths = (
			);
			runOnlyForDeploymentPostprocessing = 0;
			shellPath = /bin/sh;
			shellScript = "\"${SRCROOT}/Pods/Target Support Files/Pods-crbios/Pods-crbios-frameworks.sh\"\n";
			showEnvVarsInLog = 0;
		};
/* End PBXShellScriptBuildPhase section */

/* Begin PBXSourcesBuildPhase section */
		307B5D821D2DE4D80084B307 /* Sources */ = {
			isa = PBXSourcesBuildPhase;
			buildActionMask = 2147483647;
			files = (
				307B5D971D2DE4D90084B307 /* crbios.xcdatamodeld in Sources */,
				307B5D8E1D2DE4D90084B307 /* AppDelegate.m in Sources */,
				30D4D2361D2DE98300C6D2CB /* RootViewController.m in Sources */,
				307A80D31D363887006FAA16 /* CustomCellContent.m in Sources */,
				30F790A51D2E49AA008A74E7 /* LeftViewController.m in Sources */,
				307B5D8B1D2DE4D90084B307 /* main.m in Sources */,
				30F790A91D2E4A32008A74E7 /* HomeViewController.m in Sources */,
				308901161D376E4E007B1958 /* CreateEventViewController.m in Sources */,
				301B2FD61D3371500018871C /* SearchViewController.m in Sources */,
				307A80D91D363AFD006FAA16 /* CustomCellHeader.m in Sources */,
				307A80D01D363868006FAA16 /* CustomCellDay.m in Sources */,
				30F7909A1D2DFDAC008A74E7 /* LoginViewController.m in Sources */,
			);
			runOnlyForDeploymentPostprocessing = 0;
		};
/* End PBXSourcesBuildPhase section */

/* Begin PBXVariantGroup section */
		307B5D921D2DE4D90084B307 /* Main.storyboard */ = {
			isa = PBXVariantGroup;
			children = (
				307B5D931D2DE4D90084B307 /* Base */,
			);
			name = Main.storyboard;
			sourceTree = "<group>";
		};
		307B5D9A1D2DE4D90084B307 /* LaunchScreen.storyboard */ = {
			isa = PBXVariantGroup;
			children = (
				307B5D9B1D2DE4D90084B307 /* Base */,
			);
			name = LaunchScreen.storyboard;
			sourceTree = "<group>";
		};
/* End PBXVariantGroup section */

/* Begin XCBuildConfiguration section */
		307B5D9E1D2DE4D90084B307 /* Debug */ = {
			isa = XCBuildConfiguration;
			buildSettings = {
				ALWAYS_SEARCH_USER_PATHS = NO;
				CLANG_ANALYZER_NONNULL = YES;
				CLANG_CXX_LANGUAGE_STANDARD = "gnu++0x";
				CLANG_CXX_LIBRARY = "libc++";
				CLANG_ENABLE_MODULES = YES;
				CLANG_ENABLE_OBJC_ARC = YES;
				CLANG_WARN_BOOL_CONVERSION = YES;
				CLANG_WARN_CONSTANT_CONVERSION = YES;
				CLANG_WARN_DIRECT_OBJC_ISA_USAGE = YES_ERROR;
				CLANG_WARN_EMPTY_BODY = YES;
				CLANG_WARN_ENUM_CONVERSION = YES;
				CLANG_WARN_INT_CONVERSION = YES;
				CLANG_WARN_OBJC_ROOT_CLASS = YES_ERROR;
				CLANG_WARN_UNREACHABLE_CODE = YES;
				CLANG_WARN__DUPLICATE_METHOD_MATCH = YES;
				"CODE_SIGN_IDENTITY[sdk=iphoneos*]" = "iPhone Developer";
				COPY_PHASE_STRIP = NO;
				DEBUG_INFORMATION_FORMAT = dwarf;
				ENABLE_STRICT_OBJC_MSGSEND = YES;
				ENABLE_TESTABILITY = YES;
				GCC_C_LANGUAGE_STANDARD = gnu99;
				GCC_DYNAMIC_NO_PIC = NO;
				GCC_NO_COMMON_BLOCKS = YES;
				GCC_OPTIMIZATION_LEVEL = 0;
				GCC_PREPROCESSOR_DEFINITIONS = (
					"DEBUG=1",
					"$(inherited)",
				);
				GCC_WARN_64_TO_32_BIT_CONVERSION = YES;
				GCC_WARN_ABOUT_RETURN_TYPE = YES_ERROR;
				GCC_WARN_UNDECLARED_SELECTOR = YES;
				GCC_WARN_UNINITIALIZED_AUTOS = YES_AGGRESSIVE;
				GCC_WARN_UNUSED_FUNCTION = YES;
				GCC_WARN_UNUSED_VARIABLE = YES;
				IPHONEOS_DEPLOYMENT_TARGET = 9.3;
				MTL_ENABLE_DEBUG_INFO = YES;
				ONLY_ACTIVE_ARCH = YES;
				SDKROOT = iphoneos;
			};
			name = Debug;
		};
		307B5D9F1D2DE4D90084B307 /* Release */ = {
			isa = XCBuildConfiguration;
			buildSettings = {
				ALWAYS_SEARCH_USER_PATHS = NO;
				CLANG_ANALYZER_NONNULL = YES;
				CLANG_CXX_LANGUAGE_STANDARD = "gnu++0x";
				CLANG_CXX_LIBRARY = "libc++";
				CLANG_ENABLE_MODULES = YES;
				CLANG_ENABLE_OBJC_ARC = YES;
				CLANG_WARN_BOOL_CONVERSION = YES;
				CLANG_WARN_CONSTANT_CONVERSION = YES;
				CLANG_WARN_DIRECT_OBJC_ISA_USAGE = YES_ERROR;
				CLANG_WARN_EMPTY_BODY = YES;
				CLANG_WARN_ENUM_CONVERSION = YES;
				CLANG_WARN_INT_CONVERSION = YES;
				CLANG_WARN_OBJC_ROOT_CLASS = YES_ERROR;
				CLANG_WARN_UNREACHABLE_CODE = YES;
				CLANG_WARN__DUPLICATE_METHOD_MATCH = YES;
				"CODE_SIGN_IDENTITY[sdk=iphoneos*]" = "iPhone Developer";
				COPY_PHASE_STRIP = NO;
				DEBUG_INFORMATION_FORMAT = "dwarf-with-dsym";
				ENABLE_NS_ASSERTIONS = NO;
				ENABLE_STRICT_OBJC_MSGSEND = YES;
				GCC_C_LANGUAGE_STANDARD = gnu99;
				GCC_NO_COMMON_BLOCKS = YES;
				GCC_WARN_64_TO_32_BIT_CONVERSION = YES;
				GCC_WARN_ABOUT_RETURN_TYPE = YES_ERROR;
				GCC_WARN_UNDECLARED_SELECTOR = YES;
				GCC_WARN_UNINITIALIZED_AUTOS = YES_AGGRESSIVE;
				GCC_WARN_UNUSED_FUNCTION = YES;
				GCC_WARN_UNUSED_VARIABLE = YES;
				IPHONEOS_DEPLOYMENT_TARGET = 9.3;
				MTL_ENABLE_DEBUG_INFO = NO;
				SDKROOT = iphoneos;
				VALIDATE_PRODUCT = YES;
			};
			name = Release;
		};
		307B5DA11D2DE4D90084B307 /* Debug */ = {
			isa = XCBuildConfiguration;
			baseConfigurationReference = 0CB68B16C0819A73589F0BEA /* Pods-crbios.debug.xcconfig */;
			buildSettings = {
				ASSETCATALOG_COMPILER_APPICON_NAME = AppIcon;
				CODE_SIGN_IDENTITY = "iPhone Developer";
				"CODE_SIGN_IDENTITY[sdk=iphoneos*]" = "iPhone Developer";
				INFOPLIST_FILE = crbios/Info.plist;
				LD_RUNPATH_SEARCH_PATHS = "$(inherited) @executable_path/Frameworks";
				PRODUCT_BUNDLE_IDENTIFIER = com.framgia.crbios2;
				PRODUCT_NAME = "$(TARGET_NAME)";
				PROVISIONING_PROFILE = "";
			};
			name = Debug;
		};
		307B5DA21D2DE4D90084B307 /* Release */ = {
			isa = XCBuildConfiguration;
			baseConfigurationReference = 135D21DEE043CEDCD7C26EAD /* Pods-crbios.release.xcconfig */;
			buildSettings = {
				ASSETCATALOG_COMPILER_APPICON_NAME = AppIcon;
				CODE_SIGN_IDENTITY = "iPhone Developer";
				"CODE_SIGN_IDENTITY[sdk=iphoneos*]" = "iPhone Developer";
				INFOPLIST_FILE = crbios/Info.plist;
				LD_RUNPATH_SEARCH_PATHS = "$(inherited) @executable_path/Frameworks";
				PRODUCT_BUNDLE_IDENTIFIER = com.framgia.crbios2;
				PRODUCT_NAME = "$(TARGET_NAME)";
				PROVISIONING_PROFILE = "";
			};
			name = Release;
		};
/* End XCBuildConfiguration section */

/* Begin XCConfigurationList section */
		307B5D811D2DE4D80084B307 /* Build configuration list for PBXProject "crbios" */ = {
			isa = XCConfigurationList;
			buildConfigurations = (
				307B5D9E1D2DE4D90084B307 /* Debug */,
				307B5D9F1D2DE4D90084B307 /* Release */,
			);
			defaultConfigurationIsVisible = 0;
			defaultConfigurationName = Release;
		};
		307B5DA01D2DE4D90084B307 /* Build configuration list for PBXNativeTarget "crbios" */ = {
			isa = XCConfigurationList;
			buildConfigurations = (
				307B5DA11D2DE4D90084B307 /* Debug */,
				307B5DA21D2DE4D90084B307 /* Release */,
			);
			defaultConfigurationIsVisible = 0;
			defaultConfigurationName = Release;
		};
/* End XCConfigurationList section */

/* Begin XCVersionGroup section */
		307B5D951D2DE4D90084B307 /* crbios.xcdatamodeld */ = {
			isa = XCVersionGroup;
			children = (
				307B5D961D2DE4D90084B307 /* crbios.xcdatamodel */,
			);
			currentVersion = 307B5D961D2DE4D90084B307 /* crbios.xcdatamodel */;
			path = crbios.xcdatamodeld;
			sourceTree = "<group>";
			versionGroupType = wrapper.xcdatamodel;
		};
/* End XCVersionGroup section */
	};
	rootObject = 307B5D7E1D2DE4D80084B307 /* Project object */;
}
